
Microsoft Visual Studio Solution File, Format Version 12.00
# Visual Studio 2013
VisualStudioVersion = 12.0.21005.1
MinimumVisualStudioVersion = 10.0.40219.1
Project("{FAE04EC0-301F-11D3-BF4B-00C04F79EFBC}") = "Forefront.Generation2.Garage", "Forefront.Generation2.Garage\Forefront.Generation2.Garage.csproj", "{26656309-FDC1-45C7-A964-671E8C7626F2}"
EndProject
Project("{FAE04EC0-301F-11D3-BF4B-00C04F79EFBC}") = "Forefront.Generation2.PersonalNumber", "Forefront.Generation2.PersonalNumber\Forefront.Generation2.PersonalNumber.csproj", "{B71D228D-68E0-495A-929B-DCCE9D7A80F4}"
EndProject
Project("{FAE04EC0-301F-11D3-BF4B-00C04F79EFBC}") = "Forefront.Generation2.PersonalNumber.Tests", "Forefront.Generation2.PersonalNumber.Tests\Forefront.Generation2.PersonalNumber.Tests.csproj", "{ECCBB4E8-3C31-4C23-953F-22F421CE0F90}"
EndProject
Global
	GlobalSection(SolutionConfigurationPlatforms) = preSolution
		Debug|Any CPU = Debug|Any CPU
		Release|Any CPU = Release|Any CPU
	EndGlobalSection
	GlobalSection(ProjectConfigurationPlatforms) = postSolution
		{26656309-FDC1-45C7-A964-671E8C7626F2}.Debug|Any CPU.ActiveCfg = Debug|Any CPU
		{26656309-FDC1-45C7-A964-671E8C7626F2}.Debug|Any CPU.Build.0 = Debug|Any CPU
		{26656309-FDC1-45C7-A964-671E8C7626F2}.Release|Any CPU.ActiveCfg = Release|Any CPU
		{26656309-FDC1-45C7-A964-671E8C7626F2}.Release|Any CPU.Build.0 = Release|Any CPU
		{B71D228D-68E0-495A-929B-DCCE9D7A80F4}.Debug|Any CPU.ActiveCfg = Debug|Any CPU
		{B71D228D-68E0-495A-929B-DCCE9D7A80F4}.Debug|Any CPU.Build.0 = Debug|Any CPU
		{B71D228D-68E0-495A-929B-DCCE9D7A80F4}.Release|Any CPU.ActiveCfg = Release|Any CPU
		{B71D228D-68E0-495A-929B-DCCE9D7A80F4}.Release|Any CPU.Build.0 = Release|Any CPU
		{ECCBB4E8-3C31-4C23-953F-22F421CE0F90}.Debug|Any CPU.ActiveCfg = Debug|Any CPU
		{ECCBB4E8-3C31-4C23-953F-22F421CE0F90}.Debug|Any CPU.Build.0 = Debug|Any CPU
		{ECCBB4E8-3C31-4C23-953F-22F421CE0F90}.Release|Any CPU.ActiveCfg = Release|Any CPU
		{ECCBB4E8-3C31-4C23-953F-22F421CE0F90}.Release|Any CPU.Build.0 = Release|Any CPU
	EndGlobalSection
	GlobalSection(SolutionProperties) = preSolution
		HideSolutionNode = FALSE
	EndGlobalSection
EndGlobal
